
Microsoft Visual Studio Solution File, Format Version 12.00
# Visual Studio Version 16
VisualStudioVersion = 16.0.29418.71
MinimumVisualStudioVersion = 10.0.40219.1
Project("{FAE04EC0-301F-11D3-BF4B-00C04F79EFBC}") = "Übung 6 Game of Live", "Übung 6 Game of Live\Übung 6 Game of Live.csproj", "{A22A0DFE-C995-492B-9310-CF222F6001D6}"
EndProject
Global
	GlobalSection(SolutionConfigurationPlatforms) = preSolution
		Debug|Any CPU = Debug|Any CPU
		Release|Any CPU = Release|Any CPU
	EndGlobalSection
	GlobalSection(ProjectConfigurationPlatforms) = postSolution
		{A22A0DFE-C995-492B-9310-CF222F6001D6}.Debug|Any CPU.ActiveCfg = Debug|Any CPU
		{A22A0DFE-C995-492B-9310-CF222F6001D6}.Debug|Any CPU.Build.0 = Debug|Any CPU
		{A22A0DFE-C995-492B-9310-CF222F6001D6}.Release|Any CPU.ActiveCfg = Release|Any CPU
		{A22A0DFE-C995-492B-9310-CF222F6001D6}.Release|Any CPU.Build.0 = Release|Any CPU
	EndGlobalSection
	GlobalSection(SolutionProperties) = preSolution
		HideSolutionNode = FALSE
	EndGlobalSection
	GlobalSection(ExtensibilityGlobals) = postSolution
		SolutionGuid = {A84F575B-35EE-4BE6-9D3F-3451EBBEA6D0}
	EndGlobalSection
EndGlobal
